
Microsoft Visual Studio Solution File, Format Version 12.00
# Visual Studio 2013
VisualStudioVersion = 12.0.21005.1
MinimumVisualStudioVersion = 10.0.40219.1
Project("{FAE04EC0-301F-11D3-BF4B-00C04F79EFBC}") = "iHRP_V34", "iHRP_V34.csproj", "{599B193C-874C-4FC6-9585-2A6FAE21A643}"
	ProjectSection(ProjectDependencies) = postProject
		{4FB39517-9E71-4DF2-84F7-BAE11DE86A0C} = {4FB39517-9E71-4DF2-84F7-BAE11DE86A0C}
		{B9667A18-807F-41E0-89CE-A54EFB017A33} = {B9667A18-807F-41E0-89CE-A54EFB017A33}
		{D0265C2C-4A10-4B10-B0F8-43C84D7E9304} = {D0265C2C-4A10-4B10-B0F8-43C84D7E9304}
		{1EA04942-9A87-4CCE-A36C-5019EA827855} = {1EA04942-9A87-4CCE-A36C-5019EA827855}
		{B344074A-D446-4462-A772-DEBB1351CFFC} = {B344074A-D446-4462-A772-DEBB1351CFFC}
		{6BBA3552-CB28-4AB2-B674-0BD35A0503A8} = {6BBA3552-CB28-4AB2-B674-0BD35A0503A8}
		{67BE6E57-8553-4689-A794-0EC846B2908D} = {67BE6E57-8553-4689-A794-0EC846B2908D}
		{D7F3D883-2D71-4F97-B536-7F85C033178D} = {D7F3D883-2D71-4F97-B536-7F85C033178D}
		{A8241CA4-0153-41DF-9094-B9B4B1449818} = {A8241CA4-0153-41DF-9094-B9B4B1449818}
		{3799FAAF-D56B-447A-AC89-3EA8A5CCC52B} = {3799FAAF-D56B-447A-AC89-3EA8A5CCC52B}
		{82D729B8-DF47-4263-B412-FFE54303D860} = {82D729B8-DF47-4263-B412-FFE54303D860}
		{A23FA7BA-B4AB-4B7A-BE53-A394EF949209} = {A23FA7BA-B4AB-4B7A-BE53-A394EF949209}
		{140899C3-BB36-4411-BB91-B866EFEA10FB} = {140899C3-BB36-4411-BB91-B866EFEA10FB}
		{AA07BBD3-036C-4EA2-8DD5-85D65BD24562} = {AA07BBD3-036C-4EA2-8DD5-85D65BD24562}
		{98845BE5-2D88-4FA0-A58F-CC77AB07F7D2} = {98845BE5-2D88-4FA0-A58F-CC77AB07F7D2}
		{B5C20EEA-FC88-4A2F-B7AE-7B54BABDB15D} = {B5C20EEA-FC88-4A2F-B7AE-7B54BABDB15D}
		{D1EA08EF-8205-402A-A071-A10403C5803B} = {D1EA08EF-8205-402A-A071-A10403C5803B}
		{0199A5F0-E6B1-4D89-863D-80C4CE332DA7} = {0199A5F0-E6B1-4D89-863D-80C4CE332DA7}
		{EDE96BF1-0D18-43BB-A534-2C97838609D6} = {EDE96BF1-0D18-43BB-A534-2C97838609D6}
		{550B3EF8-FA73-42F7-B78B-900B29FB8EBD} = {550B3EF8-FA73-42F7-B78B-900B29FB8EBD}
		{DFC5EAFD-3254-4439-961B-89F15D95FAB2} = {DFC5EAFD-3254-4439-961B-89F15D95FAB2}
	EndProjectSection
EndProject
Project("{FAE04EC0-301F-11D3-BF4B-00C04F79EFBC}") = "Common", "Common\Common.csproj", "{3799FAAF-D56B-447A-AC89-3EA8A5CCC52B}"
EndProject
Project("{FAE04EC0-301F-11D3-BF4B-00C04F79EFBC}") = "MdlHR", "MdlHR\MdlHR.csproj", "{B344074A-D446-4462-A772-DEBB1351CFFC}"
EndProject
Project("{FAE04EC0-301F-11D3-BF4B-00C04F79EFBC}") = "MdlNews", "MdlNews\MdlNews.csproj", "{0199A5F0-E6B1-4D89-863D-80C4CE332DA7}"
EndProject
Project("{FAE04EC0-301F-11D3-BF4B-00C04F79EFBC}") = "MdlPR", "MdlPR\MdlPR.csproj", "{4FB39517-9E71-4DF2-84F7-BAE11DE86A0C}"
EndProject
Project("{FAE04EC0-301F-11D3-BF4B-00C04F79EFBC}") = "MdlRE", "MdlRE\MdlRE.csproj", "{A23FA7BA-B4AB-4B7A-BE53-A394EF949209}"
	ProjectSection(ProjectDependencies) = postProject
		{6BBA3552-CB28-4AB2-B674-0BD35A0503A8} = {6BBA3552-CB28-4AB2-B674-0BD35A0503A8}
	EndProjectSection
EndProject
Project("{FAE04EC0-301F-11D3-BF4B-00C04F79EFBC}") = "MdlSI", "MdlSI\MdlSI.csproj", "{EDE96BF1-0D18-43BB-A534-2C97838609D6}"
EndProject
Project("{FAE04EC0-301F-11D3-BF4B-00C04F79EFBC}") = "MdlSYS", "MdlSYS\MdlSYS.csproj", "{B5C20EEA-FC88-4A2F-B7AE-7B54BABDB15D}"
EndProject
Project("{FAE04EC0-301F-11D3-BF4B-00C04F79EFBC}") = "MdlTER", "MdlTER\MdlTER.csproj", "{DFC5EAFD-3254-4439-961B-89F15D95FAB2}"
EndProject
Project("{FAE04EC0-301F-11D3-BF4B-00C04F79EFBC}") = "MdlTMS", "MdlTMS\MdlTMS.csproj", "{6BBA3552-CB28-4AB2-B674-0BD35A0503A8}"
EndProject
Project("{FAE04EC0-301F-11D3-BF4B-00C04F79EFBC}") = "MdlTR", "MdlTR\MdlTR.csproj", "{82D729B8-DF47-4263-B412-FFE54303D860}"
EndProject
Project("{FAE04EC0-301F-11D3-BF4B-00C04F79EFBC}") = "MdlIS", "MdlIS\MdlIS.csproj", "{D1EA08EF-8205-402A-A071-A10403C5803B}"
	ProjectSection(ProjectDependencies) = postProject
		{6BBA3552-CB28-4AB2-B674-0BD35A0503A8} = {6BBA3552-CB28-4AB2-B674-0BD35A0503A8}
	EndProjectSection
EndProject
Project("{FAE04EC0-301F-11D3-BF4B-00C04F79EFBC}") = "MdlAW", "MdlAW\MdlAW.csproj", "{1EA04942-9A87-4CCE-A36C-5019EA827855}"
	ProjectSection(ProjectDependencies) = postProject
		{B5C20EEA-FC88-4A2F-B7AE-7B54BABDB15D} = {B5C20EEA-FC88-4A2F-B7AE-7B54BABDB15D}
	EndProjectSection
EndProject
Project("{FAE04EC0-301F-11D3-BF4B-00C04F79EFBC}") = "MdlPIT", "MdlPIT\MdlPIT.csproj", "{D7F3D883-2D71-4F97-B536-7F85C033178D}"
EndProject
Project("{FAE04EC0-301F-11D3-BF4B-00C04F79EFBC}") = "MdlEM", "MdlEM\MdlEM.csproj", "{550B3EF8-FA73-42F7-B78B-900B29FB8EBD}"
EndProject
Project("{FAE04EC0-301F-11D3-BF4B-00C04F79EFBC}") = "MdlMOBI", "MdlMOBI\MdlMOBI.csproj", "{AA07BBD3-036C-4EA2-8DD5-85D65BD24562}"
	ProjectSection(ProjectDependencies) = postProject
		{B5C20EEA-FC88-4A2F-B7AE-7B54BABDB15D} = {B5C20EEA-FC88-4A2F-B7AE-7B54BABDB15D}
	EndProjectSection
EndProject
Project("{FAE04EC0-301F-11D3-BF4B-00C04F79EFBC}") = "MdlCMS", "MdlCMS\MdlCMS.csproj", "{D0265C2C-4A10-4B10-B0F8-43C84D7E9304}"
	ProjectSection(ProjectDependencies) = postProject
		{3799FAAF-D56B-447A-AC89-3EA8A5CCC52B} = {3799FAAF-D56B-447A-AC89-3EA8A5CCC52B}
		{B5C20EEA-FC88-4A2F-B7AE-7B54BABDB15D} = {B5C20EEA-FC88-4A2F-B7AE-7B54BABDB15D}
	EndProjectSection
EndProject
Project("{FAE04EC0-301F-11D3-BF4B-00C04F79EFBC}") = "MdlPM", "MdlPM\MdlPM.csproj", "{67BE6E57-8553-4689-A794-0EC846B2908D}"
EndProject
Project("{FAE04EC0-301F-11D3-BF4B-00C04F79EFBC}") = "MdlSP", "MdlSP\MdlSP.csproj", "{A8241CA4-0153-41DF-9094-B9B4B1449818}"
EndProject
Project("{FAE04EC0-301F-11D3-BF4B-00C04F79EFBC}") = "MdlPDP", "MdlPDP\MdlPDP.csproj", "{98845BE5-2D88-4FA0-A58F-CC77AB07F7D2}"
EndProject
Project("{FAE04EC0-301F-11D3-BF4B-00C04F79EFBC}") = "Projects", "Projects\Projects.csproj", "{B9667A18-807F-41E0-89CE-A54EFB017A33}"
EndProject
Project("{FAE04EC0-301F-11D3-BF4B-00C04F79EFBC}") = "MdlESOP", "MdlESOP\MdlESOP.csproj", "{140899C3-BB36-4411-BB91-B866EFEA10FB}"
EndProject
Global
	GlobalSection(SolutionConfigurationPlatforms) = preSolution
		Debug|Any CPU = Debug|Any CPU
		Release|Any CPU = Release|Any CPU
	EndGlobalSection
	GlobalSection(ProjectConfigurationPlatforms) = postSolution
		{599B193C-874C-4FC6-9585-2A6FAE21A643}.Debug|Any CPU.ActiveCfg = Debug|Any CPU
		{599B193C-874C-4FC6-9585-2A6FAE21A643}.Debug|Any CPU.Build.0 = Debug|Any CPU
		{599B193C-874C-4FC6-9585-2A6FAE21A643}.Release|Any CPU.ActiveCfg = Release|Any CPU
		{599B193C-874C-4FC6-9585-2A6FAE21A643}.Release|Any CPU.Build.0 = Release|Any CPU
		{3799FAAF-D56B-447A-AC89-3EA8A5CCC52B}.Debug|Any CPU.ActiveCfg = Debug|Any CPU
		{3799FAAF-D56B-447A-AC89-3EA8A5CCC52B}.Debug|Any CPU.Build.0 = Debug|Any CPU
		{3799FAAF-D56B-447A-AC89-3EA8A5CCC52B}.Release|Any CPU.ActiveCfg = Release|Any CPU
		{3799FAAF-D56B-447A-AC89-3EA8A5CCC52B}.Release|Any CPU.Build.0 = Release|Any CPU
		{B344074A-D446-4462-A772-DEBB1351CFFC}.Debug|Any CPU.ActiveCfg = Debug|Any CPU
		{B344074A-D446-4462-A772-DEBB1351CFFC}.Debug|Any CPU.Build.0 = Debug|Any CPU
		{B344074A-D446-4462-A772-DEBB1351CFFC}.Release|Any CPU.ActiveCfg = Release|Any CPU
		{B344074A-D446-4462-A772-DEBB1351CFFC}.Release|Any CPU.Build.0 = Release|Any CPU
		{0199A5F0-E6B1-4D89-863D-80C4CE332DA7}.Debug|Any CPU.ActiveCfg = Debug|Any CPU
		{0199A5F0-E6B1-4D89-863D-80C4CE332DA7}.Debug|Any CPU.Build.0 = Debug|Any CPU
		{0199A5F0-E6B1-4D89-863D-80C4CE332DA7}.Release|Any CPU.ActiveCfg = Release|Any CPU
		{0199A5F0-E6B1-4D89-863D-80C4CE332DA7}.Release|Any CPU.Build.0 = Release|Any CPU
		{4FB39517-9E71-4DF2-84F7-BAE11DE86A0C}.Debug|Any CPU.ActiveCfg = Debug|Any CPU
		{4FB39517-9E71-4DF2-84F7-BAE11DE86A0C}.Debug|Any CPU.Build.0 = Debug|Any CPU
		{4FB39517-9E71-4DF2-84F7-BAE11DE86A0C}.Release|Any CPU.ActiveCfg = Release|Any CPU
		{4FB39517-9E71-4DF2-84F7-BAE11DE86A0C}.Release|Any CPU.Build.0 = Release|Any CPU
		{A23FA7BA-B4AB-4B7A-BE53-A394EF949209}.Debug|Any CPU.ActiveCfg = Debug|Any CPU
		{A23FA7BA-B4AB-4B7A-BE53-A394EF949209}.Debug|Any CPU.Build.0 = Debug|Any CPU
		{A23FA7BA-B4AB-4B7A-BE53-A394EF949209}.Release|Any CPU.ActiveCfg = Release|Any CPU
		{A23FA7BA-B4AB-4B7A-BE53-A394EF949209}.Release|Any CPU.Build.0 = Release|Any CPU
		{EDE96BF1-0D18-43BB-A534-2C97838609D6}.Debug|Any CPU.ActiveCfg = Debug|Any CPU
		{EDE96BF1-0D18-43BB-A534-2C97838609D6}.Debug|Any CPU.Build.0 = Debug|Any CPU
		{EDE96BF1-0D18-43BB-A534-2C97838609D6}.Release|Any CPU.ActiveCfg = Release|Any CPU
		{EDE96BF1-0D18-43BB-A534-2C97838609D6}.Release|Any CPU.Build.0 = Release|Any CPU
		{B5C20EEA-FC88-4A2F-B7AE-7B54BABDB15D}.Debug|Any CPU.ActiveCfg = Debug|Any CPU
		{B5C20EEA-FC88-4A2F-B7AE-7B54BABDB15D}.Debug|Any CPU.Build.0 = Debug|Any CPU
		{B5C20EEA-FC88-4A2F-B7AE-7B54BABDB15D}.Release|Any CPU.ActiveCfg = Release|Any CPU
		{B5C20EEA-FC88-4A2F-B7AE-7B54BABDB15D}.Release|Any CPU.Build.0 = Release|Any CPU
		{DFC5EAFD-3254-4439-961B-89F15D95FAB2}.Debug|Any CPU.ActiveCfg = Debug|Any CPU
		{DFC5EAFD-3254-4439-961B-89F15D95FAB2}.Debug|Any CPU.Build.0 = Debug|Any CPU
		{DFC5EAFD-3254-4439-961B-89F15D95FAB2}.Release|Any CPU.ActiveCfg = Release|Any CPU
		{DFC5EAFD-3254-4439-961B-89F15D95FAB2}.Release|Any CPU.Build.0 = Release|Any CPU
		{6BBA3552-CB28-4AB2-B674-0BD35A0503A8}.Debug|Any CPU.ActiveCfg = Debug|Any CPU
		{6BBA3552-CB28-4AB2-B674-0BD35A0503A8}.Debug|Any CPU.Build.0 = Debug|Any CPU
		{6BBA3552-CB28-4AB2-B674-0BD35A0503A8}.Release|Any CPU.ActiveCfg = Release|Any CPU
		{6BBA3552-CB28-4AB2-B674-0BD35A0503A8}.Release|Any CPU.Build.0 = Release|Any CPU
		{82D729B8-DF47-4263-B412-FFE54303D860}.Debug|Any CPU.ActiveCfg = Debug|Any CPU
		{82D729B8-DF47-4263-B412-FFE54303D860}.Debug|Any CPU.Build.0 = Debug|Any CPU
		{82D729B8-DF47-4263-B412-FFE54303D860}.Release|Any CPU.ActiveCfg = Release|Any CPU
		{82D729B8-DF47-4263-B412-FFE54303D860}.Release|Any CPU.Build.0 = Release|Any CPU
		{D1EA08EF-8205-402A-A071-A10403C5803B}.Debug|Any CPU.ActiveCfg = Debug|Any CPU
		{D1EA08EF-8205-402A-A071-A10403C5803B}.Debug|Any CPU.Build.0 = Debug|Any CPU
		{D1EA08EF-8205-402A-A071-A10403C5803B}.Release|Any CPU.ActiveCfg = Release|Any CPU
		{D1EA08EF-8205-402A-A071-A10403C5803B}.Release|Any CPU.Build.0 = Release|Any CPU
		{1EA04942-9A87-4CCE-A36C-5019EA827855}.Debug|Any CPU.ActiveCfg = Debug|Any CPU
		{1EA04942-9A87-4CCE-A36C-5019EA827855}.Debug|Any CPU.Build.0 = Debug|Any CPU
		{1EA04942-9A87-4CCE-A36C-5019EA827855}.Release|Any CPU.ActiveCfg = Release|Any CPU
		{1EA04942-9A87-4CCE-A36C-5019EA827855}.Release|Any CPU.Build.0 = Release|Any CPU
		{D7F3D883-2D71-4F97-B536-7F85C033178D}.Debug|Any CPU.ActiveCfg = Debug|Any CPU
		{D7F3D883-2D71-4F97-B536-7F85C033178D}.Debug|Any CPU.Build.0 = Debug|Any CPU
		{D7F3D883-2D71-4F97-B536-7F85C033178D}.Release|Any CPU.ActiveCfg = Release|Any CPU
		{D7F3D883-2D71-4F97-B536-7F85C033178D}.Release|Any CPU.Build.0 = Release|Any CPU
		{550B3EF8-FA73-42F7-B78B-900B29FB8EBD}.Debug|Any CPU.ActiveCfg = Debug|Any CPU
		{550B3EF8-FA73-42F7-B78B-900B29FB8EBD}.Debug|Any CPU.Build.0 = Debug|Any CPU
		{550B3EF8-FA73-42F7-B78B-900B29FB8EBD}.Release|Any CPU.ActiveCfg = Release|Any CPU
		{550B3EF8-FA73-42F7-B78B-900B29FB8EBD}.Release|Any CPU.Build.0 = Release|Any CPU
		{AA07BBD3-036C-4EA2-8DD5-85D65BD24562}.Debug|Any CPU.ActiveCfg = Debug|Any CPU
		{AA07BBD3-036C-4EA2-8DD5-85D65BD24562}.Debug|Any CPU.Build.0 = Debug|Any CPU
		{AA07BBD3-036C-4EA2-8DD5-85D65BD24562}.Release|Any CPU.ActiveCfg = Release|Any CPU
		{AA07BBD3-036C-4EA2-8DD5-85D65BD24562}.Release|Any CPU.Build.0 = Release|Any CPU
		{D0265C2C-4A10-4B10-B0F8-43C84D7E9304}.Debug|Any CPU.ActiveCfg = Debug|Any CPU
		{D0265C2C-4A10-4B10-B0F8-43C84D7E9304}.Debug|Any CPU.Build.0 = Debug|Any CPU
		{D0265C2C-4A10-4B10-B0F8-43C84D7E9304}.Release|Any CPU.ActiveCfg = Release|Any CPU
		{D0265C2C-4A10-4B10-B0F8-43C84D7E9304}.Release|Any CPU.Build.0 = Release|Any CPU
		{67BE6E57-8553-4689-A794-0EC846B2908D}.Debug|Any CPU.ActiveCfg = Debug|Any CPU
		{67BE6E57-8553-4689-A794-0EC846B2908D}.Debug|Any CPU.Build.0 = Debug|Any CPU
		{67BE6E57-8553-4689-A794-0EC846B2908D}.Release|Any CPU.ActiveCfg = Release|Any CPU
		{67BE6E57-8553-4689-A794-0EC846B2908D}.Release|Any CPU.Build.0 = Release|Any CPU
		{A8241CA4-0153-41DF-9094-B9B4B1449818}.Debug|Any CPU.ActiveCfg = Debug|Any CPU
		{A8241CA4-0153-41DF-9094-B9B4B1449818}.Debug|Any CPU.Build.0 = Debug|Any CPU
		{A8241CA4-0153-41DF-9094-B9B4B1449818}.Release|Any CPU.ActiveCfg = Release|Any CPU
		{A8241CA4-0153-41DF-9094-B9B4B1449818}.Release|Any CPU.Build.0 = Release|Any CPU
		{98845BE5-2D88-4FA0-A58F-CC77AB07F7D2}.Debug|Any CPU.ActiveCfg = Debug|Any CPU
		{98845BE5-2D88-4FA0-A58F-CC77AB07F7D2}.Debug|Any CPU.Build.0 = Debug|Any CPU
		{98845BE5-2D88-4FA0-A58F-CC77AB07F7D2}.Release|Any CPU.ActiveCfg = Release|Any CPU
		{98845BE5-2D88-4FA0-A58F-CC77AB07F7D2}.Release|Any CPU.Build.0 = Release|Any CPU
		{B9667A18-807F-41E0-89CE-A54EFB017A33}.Debug|Any CPU.ActiveCfg = Debug|Any CPU
		{B9667A18-807F-41E0-89CE-A54EFB017A33}.Debug|Any CPU.Build.0 = Debug|Any CPU
		{B9667A18-807F-41E0-89CE-A54EFB017A33}.Release|Any CPU.ActiveCfg = Release|Any CPU
		{B9667A18-807F-41E0-89CE-A54EFB017A33}.Release|Any CPU.Build.0 = Release|Any CPU
		{140899C3-BB36-4411-BB91-B866EFEA10FB}.Debug|Any CPU.ActiveCfg = Debug|Any CPU
		{140899C3-BB36-4411-BB91-B866EFEA10FB}.Debug|Any CPU.Build.0 = Debug|Any CPU
		{140899C3-BB36-4411-BB91-B866EFEA10FB}.Release|Any CPU.ActiveCfg = Release|Any CPU
		{140899C3-BB36-4411-BB91-B866EFEA10FB}.Release|Any CPU.Build.0 = Release|Any CPU
	EndGlobalSection
	GlobalSection(SolutionProperties) = preSolution
		HideSolutionNode = FALSE
	EndGlobalSection
	GlobalSection(ExtensibilityGlobals) = postSolution
		SolutionGuid = {DC8A658C-361D-4C10-8F8D-5E7FB2A47CD7}
	EndGlobalSection
EndGlobal
